
Microsoft Visual Studio Solution File, Format Version 12.00
# Visual Studio Version 16
VisualStudioVersion = 16.0.28705.295
MinimumVisualStudioVersion = 10.0.40219.1
Project("{9A19103F-16F7-4668-BE54-9A1E7A4F7556}") = "Pi.Xf.SimpleMvvm", "Pi.Xf.SimpleMvvm\Pi.Xf.SimpleMvvm.csproj", "{3B425603-AF2A-411D-98FA-252BD564BD95}"
EndProject
Project("{2150E333-8FDC-42A3-9474-1A3956D46DE8}") = "Solution items", "Solution items", "{426BD3F8-56F5-49BB-B232-D7F0FA58E406}"
	ProjectSection(SolutionItems) = preProject
		LICENSE = LICENSE
		README.md = README.md
	EndProjectSection
EndProject
Project("{FAE04EC0-301F-11D3-BF4B-00C04F79EFBC}") = "Pi.Xf.AppTest.Android", "Pi.Xf.AppTest\Pi.Xf.AppTest.Android\Pi.Xf.AppTest.Android.csproj", "{B8FD1F7E-3262-499C-89B0-40D61976FEFA}"
EndProject
Project("{FAE04EC0-301F-11D3-BF4B-00C04F79EFBC}") = "Pi.Xf.AppTest.iOS", "Pi.Xf.AppTest\Pi.Xf.AppTest.iOS\Pi.Xf.AppTest.iOS.csproj", "{EFED9AFF-0EB0-4C26-AA54-812AE3420FE0}"
EndProject
Project("{9A19103F-16F7-4668-BE54-9A1E7A4F7556}") = "Pi.Xf.AppTest", "Pi.Xf.AppTest\Pi.Xf.AppTest\Pi.Xf.AppTest.csproj", "{EF3F3AC1-80E3-4779-9F8B-35CDDB2464A7}"
EndProject
Project("{FAE04EC0-301F-11D3-BF4B-00C04F79EFBC}") = "Pi.Xf.UiTest", "Pi.Xf.UiTest\Pi.Xf.UiTest.csproj", "{0F680AEB-7AB8-4E17-A943-086810302C76}"
EndProject
Global
	GlobalSection(SolutionConfigurationPlatforms) = preSolution
		Ad-Hoc|Any CPU = Ad-Hoc|Any CPU
		Ad-Hoc|ARM = Ad-Hoc|ARM
		Ad-Hoc|iPhone = Ad-Hoc|iPhone
		Ad-Hoc|iPhoneSimulator = Ad-Hoc|iPhoneSimulator
		Ad-Hoc|x64 = Ad-Hoc|x64
		Ad-Hoc|x86 = Ad-Hoc|x86
		AppStore|Any CPU = AppStore|Any CPU
		AppStore|ARM = AppStore|ARM
		AppStore|iPhone = AppStore|iPhone
		AppStore|iPhoneSimulator = AppStore|iPhoneSimulator
		AppStore|x64 = AppStore|x64
		AppStore|x86 = AppStore|x86
		Debug|Any CPU = Debug|Any CPU
		Debug|ARM = Debug|ARM
		Debug|iPhone = Debug|iPhone
		Debug|iPhoneSimulator = Debug|iPhoneSimulator
		Debug|x64 = Debug|x64
		Debug|x86 = Debug|x86
		Release|Any CPU = Release|Any CPU
		Release|ARM = Release|ARM
		Release|iPhone = Release|iPhone
		Release|iPhoneSimulator = Release|iPhoneSimulator
		Release|x64 = Release|x64
		Release|x86 = Release|x86
	EndGlobalSection
	GlobalSection(ProjectConfigurationPlatforms) = postSolution
		{3B425603-AF2A-411D-98FA-252BD564BD95}.Ad-Hoc|Any CPU.ActiveCfg = Release|Any CPU
		{3B425603-AF2A-411D-98FA-252BD564BD95}.Ad-Hoc|Any CPU.Build.0 = Release|Any CPU
		{3B425603-AF2A-411D-98FA-252BD564BD95}.Ad-Hoc|ARM.ActiveCfg = Release|Any CPU
		{3B425603-AF2A-411D-98FA-252BD564BD95}.Ad-Hoc|ARM.Build.0 = Release|Any CPU
		{3B425603-AF2A-411D-98FA-252BD564BD95}.Ad-Hoc|iPhone.ActiveCfg = Release|Any CPU
		{3B425603-AF2A-411D-98FA-252BD564BD95}.Ad-Hoc|iPhone.Build.0 = Release|Any CPU
		{3B425603-AF2A-411D-98FA-252BD564BD95}.Ad-Hoc|iPhoneSimulator.ActiveCfg = Release|Any CPU
		{3B425603-AF2A-411D-98FA-252BD564BD95}.Ad-Hoc|iPhoneSimulator.Build.0 = Release|Any CPU
		{3B425603-AF2A-411D-98FA-252BD564BD95}.Ad-Hoc|x64.ActiveCfg = Release|Any CPU
		{3B425603-AF2A-411D-98FA-252BD564BD95}.Ad-Hoc|x64.Build.0 = Release|Any CPU
		{3B425603-AF2A-411D-98FA-252BD564BD95}.Ad-Hoc|x86.ActiveCfg = Release|Any CPU
		{3B425603-AF2A-411D-98FA-252BD564BD95}.Ad-Hoc|x86.Build.0 = Release|Any CPU
		{3B425603-AF2A-411D-98FA-252BD564BD95}.AppStore|Any CPU.ActiveCfg = Release|Any CPU
		{3B425603-AF2A-411D-98FA-252BD564BD95}.AppStore|Any CPU.Build.0 = Release|Any CPU
		{3B425603-AF2A-411D-98FA-252BD564BD95}.AppStore|ARM.ActiveCfg = Release|Any CPU
		{3B425603-AF2A-411D-98FA-252BD564BD95}.AppStore|ARM.Build.0 = Release|Any CPU
		{3B425603-AF2A-411D-98FA-252BD564BD95}.AppStore|iPhone.ActiveCfg = Release|Any CPU
		{3B425603-AF2A-411D-98FA-252BD564BD95}.AppStore|iPhone.Build.0 = Release|Any CPU
		{3B425603-AF2A-411D-98FA-252BD564BD95}.AppStore|iPhoneSimulator.ActiveCfg = Release|Any CPU
		{3B425603-AF2A-411D-98FA-252BD564BD95}.AppStore|iPhoneSimulator.Build.0 = Release|Any CPU
		{3B425603-AF2A-411D-98FA-252BD564BD95}.AppStore|x64.ActiveCfg = Release|Any CPU
		{3B425603-AF2A-411D-98FA-252BD564BD95}.AppStore|x64.Build.0 = Release|Any CPU
		{3B425603-AF2A-411D-98FA-252BD564BD95}.AppStore|x86.ActiveCfg = Release|Any CPU
		{3B425603-AF2A-411D-98FA-252BD564BD95}.AppStore|x86.Build.0 = Release|Any CPU
		{3B425603-AF2A-411D-98FA-252BD564BD95}.Debug|Any CPU.ActiveCfg = Debug|Any CPU
		{3B425603-AF2A-411D-98FA-252BD564BD95}.Debug|Any CPU.Build.0 = Debug|Any CPU
		{3B425603-AF2A-411D-98FA-252BD564BD95}.Debug|ARM.ActiveCfg = Debug|Any CPU
		{3B425603-AF2A-411D-98FA-252BD564BD95}.Debug|ARM.Build.0 = Debug|Any CPU
		{3B425603-AF2A-411D-98FA-252BD564BD95}.Debug|iPhone.ActiveCfg = Debug|Any CPU
		{3B425603-AF2A-411D-98FA-252BD564BD95}.Debug|iPhone.Build.0 = Debug|Any CPU
		{3B425603-AF2A-411D-98FA-252BD564BD95}.Debug|iPhoneSimulator.ActiveCfg = Debug|Any CPU
		{3B425603-AF2A-411D-98FA-252BD564BD95}.Debug|iPhoneSimulator.Build.0 = Debug|Any CPU
		{3B425603-AF2A-411D-98FA-252BD564BD95}.Debug|x64.ActiveCfg = Debug|Any CPU
		{3B425603-AF2A-411D-98FA-252BD564BD95}.Debug|x64.Build.0 = Debug|Any CPU
		{3B425603-AF2A-411D-98FA-252BD564BD95}.Debug|x86.ActiveCfg = Debug|Any CPU
		{3B425603-AF2A-411D-98FA-252BD564BD95}.Debug|x86.Build.0 = Debug|Any CPU
		{3B425603-AF2A-411D-98FA-252BD564BD95}.Release|Any CPU.ActiveCfg = Release|Any CPU
		{3B425603-AF2A-411D-98FA-252BD564BD95}.Release|Any CPU.Build.0 = Release|Any CPU
		{3B425603-AF2A-411D-98FA-252BD564BD95}.Release|ARM.ActiveCfg = Release|Any CPU
		{3B425603-AF2A-411D-98FA-252BD564BD95}.Release|ARM.Build.0 = Release|Any CPU
		{3B425603-AF2A-411D-98FA-252BD564BD95}.Release|iPhone.ActiveCfg = Release|Any CPU
		{3B425603-AF2A-411D-98FA-252BD564BD95}.Release|iPhone.Build.0 = Release|Any CPU
		{3B425603-AF2A-411D-98FA-252BD564BD95}.Release|iPhoneSimulator.ActiveCfg = Release|Any CPU
		{3B425603-AF2A-411D-98FA-252BD564BD95}.Release|iPhoneSimulator.Build.0 = Release|Any CPU
		{3B425603-AF2A-411D-98FA-252BD564BD95}.Release|x64.ActiveCfg = Release|Any CPU
		{3B425603-AF2A-411D-98FA-252BD564BD95}.Release|x64.Build.0 = Release|Any CPU
		{3B425603-AF2A-411D-98FA-252BD564BD95}.Release|x86.ActiveCfg = Release|Any CPU
		{3B425603-AF2A-411D-98FA-252BD564BD95}.Release|x86.Build.0 = Release|Any CPU
		{B8FD1F7E-3262-499C-89B0-40D61976FEFA}.Ad-Hoc|Any CPU.ActiveCfg = Release|Any CPU
		{B8FD1F7E-3262-499C-89B0-40D61976FEFA}.Ad-Hoc|Any CPU.Build.0 = Release|Any CPU
		{B8FD1F7E-3262-499C-89B0-40D61976FEFA}.Ad-Hoc|Any CPU.Deploy.0 = Release|Any CPU
		{B8FD1F7E-3262-499C-89B0-40D61976FEFA}.Ad-Hoc|ARM.ActiveCfg = Release|Any CPU
		{B8FD1F7E-3262-499C-89B0-40D61976FEFA}.Ad-Hoc|ARM.Build.0 = Release|Any CPU
		{B8FD1F7E-3262-499C-89B0-40D61976FEFA}.Ad-Hoc|ARM.Deploy.0 = Release|Any CPU
		{B8FD1F7E-3262-499C-89B0-40D61976FEFA}.Ad-Hoc|iPhone.ActiveCfg = Release|Any CPU
		{B8FD1F7E-3262-499C-89B0-40D61976FEFA}.Ad-Hoc|iPhone.Build.0 = Release|Any CPU
		{B8FD1F7E-3262-499C-89B0-40D61976FEFA}.Ad-Hoc|iPhone.Deploy.0 = Release|Any CPU
		{B8FD1F7E-3262-499C-89B0-40D61976FEFA}.Ad-Hoc|iPhoneSimulator.ActiveCfg = Release|Any CPU
		{B8FD1F7E-3262-499C-89B0-40D61976FEFA}.Ad-Hoc|iPhoneSimulator.Build.0 = Release|Any CPU
		{B8FD1F7E-3262-499C-89B0-40D61976FEFA}.Ad-Hoc|iPhoneSimulator.Deploy.0 = Release|Any CPU
		{B8FD1F7E-3262-499C-89B0-40D61976FEFA}.Ad-Hoc|x64.ActiveCfg = Release|Any CPU
		{B8FD1F7E-3262-499C-89B0-40D61976FEFA}.Ad-Hoc|x64.Build.0 = Release|Any CPU
		{B8FD1F7E-3262-499C-89B0-40D61976FEFA}.Ad-Hoc|x64.Deploy.0 = Release|Any CPU
		{B8FD1F7E-3262-499C-89B0-40D61976FEFA}.Ad-Hoc|x86.ActiveCfg = Release|Any CPU
		{B8FD1F7E-3262-499C-89B0-40D61976FEFA}.Ad-Hoc|x86.Build.0 = Release|Any CPU
		{B8FD1F7E-3262-499C-89B0-40D61976FEFA}.Ad-Hoc|x86.Deploy.0 = Release|Any CPU
		{B8FD1F7E-3262-499C-89B0-40D61976FEFA}.AppStore|Any CPU.ActiveCfg = Release|Any CPU
		{B8FD1F7E-3262-499C-89B0-40D61976FEFA}.AppStore|Any CPU.Build.0 = Release|Any CPU
		{B8FD1F7E-3262-499C-89B0-40D61976FEFA}.AppStore|Any CPU.Deploy.0 = Release|Any CPU
		{B8FD1F7E-3262-499C-89B0-40D61976FEFA}.AppStore|ARM.ActiveCfg = Release|Any CPU
		{B8FD1F7E-3262-499C-89B0-40D61976FEFA}.AppStore|ARM.Build.0 = Release|Any CPU
		{B8FD1F7E-3262-499C-89B0-40D61976FEFA}.AppStore|ARM.Deploy.0 = Release|Any CPU
		{B8FD1F7E-3262-499C-89B0-40D61976FEFA}.AppStore|iPhone.ActiveCfg = Release|Any CPU
		{B8FD1F7E-3262-499C-89B0-40D61976FEFA}.AppStore|iPhone.Build.0 = Release|Any CPU
		{B8FD1F7E-3262-499C-89B0-40D61976FEFA}.AppStore|iPhone.Deploy.0 = Release|Any CPU
		{B8FD1F7E-3262-499C-89B0-40D61976FEFA}.AppStore|iPhoneSimulator.ActiveCfg = Release|Any CPU
		{B8FD1F7E-3262-499C-89B0-40D61976FEFA}.AppStore|iPhoneSimulator.Build.0 = Release|Any CPU
		{B8FD1F7E-3262-499C-89B0-40D61976FEFA}.AppStore|iPhoneSimulator.Deploy.0 = Release|Any CPU
		{B8FD1F7E-3262-499C-89B0-40D61976FEFA}.AppStore|x64.ActiveCfg = Release|Any CPU
		{B8FD1F7E-3262-499C-89B0-40D61976FEFA}.AppStore|x64.Build.0 = Release|Any CPU
		{B8FD1F7E-3262-499C-89B0-40D61976FEFA}.AppStore|x64.Deploy.0 = Release|Any CPU
		{B8FD1F7E-3262-499C-89B0-40D61976FEFA}.AppStore|x86.ActiveCfg = Release|Any CPU
		{B8FD1F7E-3262-499C-89B0-40D61976FEFA}.AppStore|x86.Build.0 = Release|Any CPU
		{B8FD1F7E-3262-499C-89B0-40D61976FEFA}.AppStore|x86.Deploy.0 = Release|Any CPU
		{B8FD1F7E-3262-499C-89B0-40D61976FEFA}.Debug|Any CPU.ActiveCfg = Debug|Any CPU
		{B8FD1F7E-3262-499C-89B0-40D61976FEFA}.Debug|Any CPU.Build.0 = Debug|Any CPU
		{B8FD1F7E-3262-499C-89B0-40D61976FEFA}.Debug|Any CPU.Deploy.0 = Debug|Any CPU
		{B8FD1F7E-3262-499C-89B0-40D61976FEFA}.Debug|ARM.ActiveCfg = Debug|Any CPU
		{B8FD1F7E-3262-499C-89B0-40D61976FEFA}.Debug|ARM.Build.0 = Debug|Any CPU
		{B8FD1F7E-3262-499C-89B0-40D61976FEFA}.Debug|ARM.Deploy.0 = Debug|Any CPU
		{B8FD1F7E-3262-499C-89B0-40D61976FEFA}.Debug|iPhone.ActiveCfg = Debug|Any CPU
		{B8FD1F7E-3262-499C-89B0-40D61976FEFA}.Debug|iPhone.Build.0 = Debug|Any CPU
		{B8FD1F7E-3262-499C-89B0-40D61976FEFA}.Debug|iPhone.Deploy.0 = Debug|Any CPU
		{B8FD1F7E-3262-499C-89B0-40D61976FEFA}.Debug|iPhoneSimulator.ActiveCfg = Debug|Any CPU
		{B8FD1F7E-3262-499C-89B0-40D61976FEFA}.Debug|iPhoneSimulator.Build.0 = Debug|Any CPU
		{B8FD1F7E-3262-499C-89B0-40D61976FEFA}.Debug|iPhoneSimulator.Deploy.0 = Debug|Any CPU
		{B8FD1F7E-3262-499C-89B0-40D61976FEFA}.Debug|x64.ActiveCfg = Debug|Any CPU
		{B8FD1F7E-3262-499C-89B0-40D61976FEFA}.Debug|x64.Build.0 = Debug|Any CPU
		{B8FD1F7E-3262-499C-89B0-40D61976FEFA}.Debug|x64.Deploy.0 = Debug|Any CPU
		{B8FD1F7E-3262-499C-89B0-40D61976FEFA}.Debug|x86.ActiveCfg = Debug|Any CPU
		{B8FD1F7E-3262-499C-89B0-40D61976FEFA}.Debug|x86.Build.0 = Debug|Any CPU
		{B8FD1F7E-3262-499C-89B0-40D61976FEFA}.Debug|x86.Deploy.0 = Debug|Any CPU
		{B8FD1F7E-3262-499C-89B0-40D61976FEFA}.Release|Any CPU.ActiveCfg = Release|Any CPU
		{B8FD1F7E-3262-499C-89B0-40D61976FEFA}.Release|Any CPU.Build.0 = Release|Any CPU
		{B8FD1F7E-3262-499C-89B0-40D61976FEFA}.Release|Any CPU.Deploy.0 = Release|Any CPU
		{B8FD1F7E-3262-499C-89B0-40D61976FEFA}.Release|ARM.ActiveCfg = Release|Any CPU
		{B8FD1F7E-3262-499C-89B0-40D61976FEFA}.Release|ARM.Build.0 = Release|Any CPU
		{B8FD1F7E-3262-499C-89B0-40D61976FEFA}.Release|ARM.Deploy.0 = Release|Any CPU
		{B8FD1F7E-3262-499C-89B0-40D61976FEFA}.Release|iPhone.ActiveCfg = Release|Any CPU
		{B8FD1F7E-3262-499C-89B0-40D61976FEFA}.Release|iPhone.Build.0 = Release|Any CPU
		{B8FD1F7E-3262-499C-89B0-40D61976FEFA}.Release|iPhone.Deploy.0 = Release|Any CPU
		{B8FD1F7E-3262-499C-89B0-40D61976FEFA}.Release|iPhoneSimulator.ActiveCfg = Release|Any CPU
		{B8FD1F7E-3262-499C-89B0-40D61976FEFA}.Release|iPhoneSimulator.Build.0 = Release|Any CPU
		{B8FD1F7E-3262-499C-89B0-40D61976FEFA}.Release|iPhoneSimulator.Deploy.0 = Release|Any CPU
		{B8FD1F7E-3262-499C-89B0-40D61976FEFA}.Release|x64.ActiveCfg = Release|Any CPU
		{B8FD1F7E-3262-499C-89B0-40D61976FEFA}.Release|x64.Build.0 = Release|Any CPU
		{B8FD1F7E-3262-499C-89B0-40D61976FEFA}.Release|x64.Deploy.0 = Release|Any CPU
		{B8FD1F7E-3262-499C-89B0-40D61976FEFA}.Release|x86.ActiveCfg = Release|Any CPU
		{B8FD1F7E-3262-499C-89B0-40D61976FEFA}.Release|x86.Build.0 = Release|Any CPU
		{B8FD1F7E-3262-499C-89B0-40D61976FEFA}.Release|x86.Deploy.0 = Release|Any CPU
		{EFED9AFF-0EB0-4C26-AA54-812AE3420FE0}.Ad-Hoc|Any CPU.ActiveCfg = Release|iPhone
		{EFED9AFF-0EB0-4C26-AA54-812AE3420FE0}.Ad-Hoc|Any CPU.Build.0 = Release|iPhone
		{EFED9AFF-0EB0-4C26-AA54-812AE3420FE0}.Ad-Hoc|ARM.ActiveCfg = Release|iPhone
		{EFED9AFF-0EB0-4C26-AA54-812AE3420FE0}.Ad-Hoc|ARM.Build.0 = Release|iPhone
		{EFED9AFF-0EB0-4C26-AA54-812AE3420FE0}.Ad-Hoc|iPhone.ActiveCfg = Release|iPhone
		{EFED9AFF-0EB0-4C26-AA54-812AE3420FE0}.Ad-Hoc|iPhone.Build.0 = Release|iPhone
		{EFED9AFF-0EB0-4C26-AA54-812AE3420FE0}.Ad-Hoc|iPhoneSimulator.ActiveCfg = Release|iPhoneSimulator
		{EFED9AFF-0EB0-4C26-AA54-812AE3420FE0}.Ad-Hoc|iPhoneSimulator.Build.0 = Release|iPhoneSimulator
		{EFED9AFF-0EB0-4C26-AA54-812AE3420FE0}.Ad-Hoc|x64.ActiveCfg = Release|iPhone
		{EFED9AFF-0EB0-4C26-AA54-812AE3420FE0}.Ad-Hoc|x64.Build.0 = Release|iPhone
		{EFED9AFF-0EB0-4C26-AA54-812AE3420FE0}.Ad-Hoc|x86.ActiveCfg = Release|iPhone
		{EFED9AFF-0EB0-4C26-AA54-812AE3420FE0}.Ad-Hoc|x86.Build.0 = Release|iPhone
		{EFED9AFF-0EB0-4C26-AA54-812AE3420FE0}.AppStore|Any CPU.ActiveCfg = Release|iPhone
		{EFED9AFF-0EB0-4C26-AA54-812AE3420FE0}.AppStore|Any CPU.Build.0 = Release|iPhone
		{EFED9AFF-0EB0-4C26-AA54-812AE3420FE0}.AppStore|ARM.ActiveCfg = Release|iPhone
		{EFED9AFF-0EB0-4C26-AA54-812AE3420FE0}.AppStore|ARM.Build.0 = Release|iPhone
		{EFED9AFF-0EB0-4C26-AA54-812AE3420FE0}.AppStore|iPhone.ActiveCfg = Release|iPhone
		{EFED9AFF-0EB0-4C26-AA54-812AE3420FE0}.AppStore|iPhone.Build.0 = Release|iPhone
		{EFED9AFF-0EB0-4C26-AA54-812AE3420FE0}.AppStore|iPhoneSimulator.ActiveCfg = Release|iPhoneSimulator
		{EFED9AFF-0EB0-4C26-AA54-812AE3420FE0}.AppStore|iPhoneSimulator.Build.0 = Release|iPhoneSimulator
		{EFED9AFF-0EB0-4C26-AA54-812AE3420FE0}.AppStore|x64.ActiveCfg = Release|iPhone
		{EFED9AFF-0EB0-4C26-AA54-812AE3420FE0}.AppStore|x64.Build.0 = Release|iPhone
		{EFED9AFF-0EB0-4C26-AA54-812AE3420FE0}.AppStore|x86.ActiveCfg = Release|iPhone
		{EFED9AFF-0EB0-4C26-AA54-812AE3420FE0}.AppStore|x86.Build.0 = Release|iPhone
		{EFED9AFF-0EB0-4C26-AA54-812AE3420FE0}.Debug|Any CPU.ActiveCfg = Debug|iPhone
		{EFED9AFF-0EB0-4C26-AA54-812AE3420FE0}.Debug|ARM.ActiveCfg = Debug|iPhone
		{EFED9AFF-0EB0-4C26-AA54-812AE3420FE0}.Debug|iPhone.ActiveCfg = Debug|iPhone
		{EFED9AFF-0EB0-4C26-AA54-812AE3420FE0}.Debug|iPhone.Build.0 = Debug|iPhone
		{EFED9AFF-0EB0-4C26-AA54-812AE3420FE0}.Debug|iPhoneSimulator.ActiveCfg = Debug|iPhoneSimulator
		{EFED9AFF-0EB0-4C26-AA54-812AE3420FE0}.Debug|iPhoneSimulator.Build.0 = Debug|iPhoneSimulator
		{EFED9AFF-0EB0-4C26-AA54-812AE3420FE0}.Debug|x64.ActiveCfg = Debug|iPhone
		{EFED9AFF-0EB0-4C26-AA54-812AE3420FE0}.Debug|x86.ActiveCfg = Debug|iPhone
		{EFED9AFF-0EB0-4C26-AA54-812AE3420FE0}.Release|Any CPU.ActiveCfg = Release|iPhone
		{EFED9AFF-0EB0-4C26-AA54-812AE3420FE0}.Release|ARM.ActiveCfg = Release|iPhone
		{EFED9AFF-0EB0-4C26-AA54-812AE3420FE0}.Release|iPhone.ActiveCfg = Release|iPhone
		{EFED9AFF-0EB0-4C26-AA54-812AE3420FE0}.Release|iPhone.Build.0 = Release|iPhone
		{EFED9AFF-0EB0-4C26-AA54-812AE3420FE0}.Release|iPhoneSimulator.ActiveCfg = Release|iPhoneSimulator
		{EFED9AFF-0EB0-4C26-AA54-812AE3420FE0}.Release|iPhoneSimulator.Build.0 = Release|iPhoneSimulator
		{EFED9AFF-0EB0-4C26-AA54-812AE3420FE0}.Release|x64.ActiveCfg = Release|iPhone
		{EFED9AFF-0EB0-4C26-AA54-812AE3420FE0}.Release|x86.ActiveCfg = Release|iPhone
		{EF3F3AC1-80E3-4779-9F8B-35CDDB2464A7}.Ad-Hoc|Any CPU.ActiveCfg = Debug|Any CPU
		{EF3F3AC1-80E3-4779-9F8B-35CDDB2464A7}.Ad-Hoc|Any CPU.Build.0 = Debug|Any CPU
		{EF3F3AC1-80E3-4779-9F8B-35CDDB2464A7}.Ad-Hoc|ARM.ActiveCfg = Debug|Any CPU
		{EF3F3AC1-80E3-4779-9F8B-35CDDB2464A7}.Ad-Hoc|ARM.Build.0 = Debug|Any CPU
		{EF3F3AC1-80E3-4779-9F8B-35CDDB2464A7}.Ad-Hoc|iPhone.ActiveCfg = Debug|Any CPU
		{EF3F3AC1-80E3-4779-9F8B-35CDDB2464A7}.Ad-Hoc|iPhone.Build.0 = Debug|Any CPU
		{EF3F3AC1-80E3-4779-9F8B-35CDDB2464A7}.Ad-Hoc|iPhoneSimulator.ActiveCfg = Debug|Any CPU
		{EF3F3AC1-80E3-4779-9F8B-35CDDB2464A7}.Ad-Hoc|iPhoneSimulator.Build.0 = Debug|Any CPU
		{EF3F3AC1-80E3-4779-9F8B-35CDDB2464A7}.Ad-Hoc|x64.ActiveCfg = Debug|Any CPU
		{EF3F3AC1-80E3-4779-9F8B-35CDDB2464A7}.Ad-Hoc|x64.Build.0 = Debug|Any CPU
		{EF3F3AC1-80E3-4779-9F8B-35CDDB2464A7}.Ad-Hoc|x86.ActiveCfg = Debug|Any CPU
		{EF3F3AC1-80E3-4779-9F8B-35CDDB2464A7}.Ad-Hoc|x86.Build.0 = Debug|Any CPU
		{EF3F3AC1-80E3-4779-9F8B-35CDDB2464A7}.AppStore|Any CPU.ActiveCfg = Debug|Any CPU
		{EF3F3AC1-80E3-4779-9F8B-35CDDB2464A7}.AppStore|Any CPU.Build.0 = Debug|Any CPU
		{EF3F3AC1-80E3-4779-9F8B-35CDDB2464A7}.AppStore|ARM.ActiveCfg = Debug|Any CPU
		{EF3F3AC1-80E3-4779-9F8B-35CDDB2464A7}.AppStore|ARM.Build.0 = Debug|Any CPU
		{EF3F3AC1-80E3-4779-9F8B-35CDDB2464A7}.AppStore|iPhone.ActiveCfg = Debug|Any CPU
		{EF3F3AC1-80E3-4779-9F8B-35CDDB2464A7}.AppStore|iPhone.Build.0 = Debug|Any CPU
		{EF3F3AC1-80E3-4779-9F8B-35CDDB2464A7}.AppStore|iPhoneSimulator.ActiveCfg = Debug|Any CPU
		{EF3F3AC1-80E3-4779-9F8B-35CDDB2464A7}.AppStore|iPhoneSimulator.Build.0 = Debug|Any CPU
		{EF3F3AC1-80E3-4779-9F8B-35CDDB2464A7}.AppStore|x64.ActiveCfg = Debug|Any CPU
		{EF3F3AC1-80E3-4779-9F8B-35CDDB2464A7}.AppStore|x64.Build.0 = Debug|Any CPU
		{EF3F3AC1-80E3-4779-9F8B-35CDDB2464A7}.AppStore|x86.ActiveCfg = Debug|Any CPU
		{EF3F3AC1-80E3-4779-9F8B-35CDDB2464A7}.AppStore|x86.Build.0 = Debug|Any CPU
		{EF3F3AC1-80E3-4779-9F8B-35CDDB2464A7}.Debug|Any CPU.ActiveCfg = Debug|Any CPU
		{EF3F3AC1-80E3-4779-9F8B-35CDDB2464A7}.Debug|Any CPU.Build.0 = Debug|Any CPU
		{EF3F3AC1-80E3-4779-9F8B-35CDDB2464A7}.Debug|ARM.ActiveCfg = Debug|Any CPU
		{EF3F3AC1-80E3-4779-9F8B-35CDDB2464A7}.Debug|ARM.Build.0 = Debug|Any CPU
		{EF3F3AC1-80E3-4779-9F8B-35CDDB2464A7}.Debug|iPhone.ActiveCfg = Debug|Any CPU
		{EF3F3AC1-80E3-4779-9F8B-35CDDB2464A7}.Debug|iPhone.Build.0 = Debug|Any CPU
		{EF3F3AC1-80E3-4779-9F8B-35CDDB2464A7}.Debug|iPhoneSimulator.ActiveCfg = Debug|Any CPU
		{EF3F3AC1-80E3-4779-9F8B-35CDDB2464A7}.Debug|iPhoneSimulator.Build.0 = Debug|Any CPU
		{EF3F3AC1-80E3-4779-9F8B-35CDDB2464A7}.Debug|x64.ActiveCfg = Debug|Any CPU
		{EF3F3AC1-80E3-4779-9F8B-35CDDB2464A7}.Debug|x64.Build.0 = Debug|Any CPU
		{EF3F3AC1-80E3-4779-9F8B-35CDDB2464A7}.Debug|x86.ActiveCfg = Debug|Any CPU
		{EF3F3AC1-80E3-4779-9F8B-35CDDB2464A7}.Debug|x86.Build.0 = Debug|Any CPU
		{EF3F3AC1-80E3-4779-9F8B-35CDDB2464A7}.Release|Any CPU.ActiveCfg = Release|Any CPU
		{EF3F3AC1-80E3-4779-9F8B-35CDDB2464A7}.Release|Any CPU.Build.0 = Release|Any CPU
		{EF3F3AC1-80E3-4779-9F8B-35CDDB2464A7}.Release|ARM.ActiveCfg = Release|Any CPU
		{EF3F3AC1-80E3-4779-9F8B-35CDDB2464A7}.Release|ARM.Build.0 = Release|Any CPU
		{EF3F3AC1-80E3-4779-9F8B-35CDDB2464A7}.Release|iPhone.ActiveCfg = Release|Any CPU
		{EF3F3AC1-80E3-4779-9F8B-35CDDB2464A7}.Release|iPhone.Build.0 = Release|Any CPU
		{EF3F3AC1-80E3-4779-9F8B-35CDDB2464A7}.Release|iPhoneSimulator.ActiveCfg = Release|Any CPU
		{EF3F3AC1-80E3-4779-9F8B-35CDDB2464A7}.Release|iPhoneSimulator.Build.0 = Release|Any CPU
		{EF3F3AC1-80E3-4779-9F8B-35CDDB2464A7}.Release|x64.ActiveCfg = Release|Any CPU
		{EF3F3AC1-80E3-4779-9F8B-35CDDB2464A7}.Release|x64.Build.0 = Release|Any CPU
		{EF3F3AC1-80E3-4779-9F8B-35CDDB2464A7}.Release|x86.ActiveCfg = Release|Any CPU
		{EF3F3AC1-80E3-4779-9F8B-35CDDB2464A7}.Release|x86.Build.0 = Release|Any CPU
		{0F680AEB-7AB8-4E17-A943-086810302C76}.Ad-Hoc|Any CPU.ActiveCfg = Release|Any CPU
		{0F680AEB-7AB8-4E17-A943-086810302C76}.Ad-Hoc|Any CPU.Build.0 = Release|Any CPU
		{0F680AEB-7AB8-4E17-A943-086810302C76}.Ad-Hoc|ARM.ActiveCfg = Release|Any CPU
		{0F680AEB-7AB8-4E17-A943-086810302C76}.Ad-Hoc|ARM.Build.0 = Release|Any CPU
		{0F680AEB-7AB8-4E17-A943-086810302C76}.Ad-Hoc|iPhone.ActiveCfg = Release|Any CPU
		{0F680AEB-7AB8-4E17-A943-086810302C76}.Ad-Hoc|iPhone.Build.0 = Release|Any CPU
		{0F680AEB-7AB8-4E17-A943-086810302C76}.Ad-Hoc|iPhoneSimulator.ActiveCfg = Release|Any CPU
		{0F680AEB-7AB8-4E17-A943-086810302C76}.Ad-Hoc|iPhoneSimulator.Build.0 = Release|Any CPU
		{0F680AEB-7AB8-4E17-A943-086810302C76}.Ad-Hoc|x64.ActiveCfg = Release|Any CPU
		{0F680AEB-7AB8-4E17-A943-086810302C76}.Ad-Hoc|x64.Build.0 = Release|Any CPU
		{0F680AEB-7AB8-4E17-A943-086810302C76}.Ad-Hoc|x86.ActiveCfg = Release|Any CPU
		{0F680AEB-7AB8-4E17-A943-086810302C76}.Ad-Hoc|x86.Build.0 = Release|Any CPU
		{0F680AEB-7AB8-4E17-A943-086810302C76}.AppStore|Any CPU.ActiveCfg = Release|Any CPU
		{0F680AEB-7AB8-4E17-A943-086810302C76}.AppStore|Any CPU.Build.0 = Release|Any CPU
		{0F680AEB-7AB8-4E17-A943-086810302C76}.AppStore|ARM.ActiveCfg = Release|Any CPU
		{0F680AEB-7AB8-4E17-A943-086810302C76}.AppStore|ARM.Build.0 = Release|Any CPU
		{0F680AEB-7AB8-4E17-A943-086810302C76}.AppStore|iPhone.ActiveCfg = Release|Any CPU
		{0F680AEB-7AB8-4E17-A943-086810302C76}.AppStore|iPhone.Build.0 = Release|Any CPU
		{0F680AEB-7AB8-4E17-A943-086810302C76}.AppStore|iPhoneSimulator.ActiveCfg = Release|Any CPU
		{0F680AEB-7AB8-4E17-A943-086810302C76}.AppStore|iPhoneSimulator.Build.0 = Release|Any CPU
		{0F680AEB-7AB8-4E17-A943-086810302C76}.AppStore|x64.ActiveCfg = Release|Any CPU
		{0F680AEB-7AB8-4E17-A943-086810302C76}.AppStore|x64.Build.0 = Release|Any CPU
		{0F680AEB-7AB8-4E17-A943-086810302C76}.AppStore|x86.ActiveCfg = Release|Any CPU
		{0F680AEB-7AB8-4E17-A943-086810302C76}.AppStore|x86.Build.0 = Release|Any CPU
		{0F680AEB-7AB8-4E17-A943-086810302C76}.Debug|Any CPU.ActiveCfg = Debug|Any CPU
		{0F680AEB-7AB8-4E17-A943-086810302C76}.Debug|Any CPU.Build.0 = Debug|Any CPU
		{0F680AEB-7AB8-4E17-A943-086810302C76}.Debug|ARM.ActiveCfg = Debug|Any CPU
		{0F680AEB-7AB8-4E17-A943-086810302C76}.Debug|ARM.Build.0 = Debug|Any CPU
		{0F680AEB-7AB8-4E17-A943-086810302C76}.Debug|iPhone.ActiveCfg = Debug|Any CPU
		{0F680AEB-7AB8-4E17-A943-086810302C76}.Debug|iPhone.Build.0 = Debug|Any CPU
		{0F680AEB-7AB8-4E17-A943-086810302C76}.Debug|iPhoneSimulator.ActiveCfg = Debug|Any CPU
		{0F680AEB-7AB8-4E17-A943-086810302C76}.Debug|iPhoneSimulator.Build.0 = Debug|Any CPU
		{0F680AEB-7AB8-4E17-A943-086810302C76}.Debug|x64.ActiveCfg = Debug|Any CPU
		{0F680AEB-7AB8-4E17-A943-086810302C76}.Debug|x64.Build.0 = Debug|Any CPU
		{0F680AEB-7AB8-4E17-A943-086810302C76}.Debug|x86.ActiveCfg = Debug|Any CPU
		{0F680AEB-7AB8-4E17-A943-086810302C76}.Debug|x86.Build.0 = Debug|Any CPU
		{0F680AEB-7AB8-4E17-A943-086810302C76}.Release|Any CPU.ActiveCfg = Release|Any CPU
		{0F680AEB-7AB8-4E17-A943-086810302C76}.Release|Any CPU.Build.0 = Release|Any CPU
		{0F680AEB-7AB8-4E17-A943-086810302C76}.Release|ARM.ActiveCfg = Release|Any CPU
		{0F680AEB-7AB8-4E17-A943-086810302C76}.Release|ARM.Build.0 = Release|Any CPU
		{0F680AEB-7AB8-4E17-A943-086810302C76}.Release|iPhone.ActiveCfg = Release|Any CPU
		{0F680AEB-7AB8-4E17-A943-086810302C76}.Release|iPhone.Build.0 = Release|Any CPU
		{0F680AEB-7AB8-4E17-A943-086810302C76}.Release|iPhoneSimulator.ActiveCfg = Release|Any CPU
		{0F680AEB-7AB8-4E17-A943-086810302C76}.Release|iPhoneSimulator.Build.0 = Release|Any CPU
		{0F680AEB-7AB8-4E17-A943-086810302C76}.Release|x64.ActiveCfg = Release|Any CPU
		{0F680AEB-7AB8-4E17-A943-086810302C76}.Release|x64.Build.0 = Release|Any CPU
		{0F680AEB-7AB8-4E17-A943-086810302C76}.Release|x86.ActiveCfg = Release|Any CPU
		{0F680AEB-7AB8-4E17-A943-086810302C76}.Release|x86.Build.0 = Release|Any CPU
	EndGlobalSection
	GlobalSection(SolutionProperties) = preSolution
		HideSolutionNode = FALSE
	EndGlobalSection
	GlobalSection(ExtensibilityGlobals) = postSolution
		SolutionGuid = {B0527303-1547-466E-BB28-9BE5D986CB89}
	EndGlobalSection
EndGlobal
