
Microsoft Visual Studio Solution File, Format Version 12.00
# Visual Studio 15
VisualStudioVersion = 15.0.28307.168
MinimumVisualStudioVersion = 10.0.40219.1
Project("{9A19103F-16F7-4668-BE54-9A1E7A4F7556}") = "Pi.Xf.SimpleMvvm", "Pi.Xf.SimpleMvvm\Pi.Xf.SimpleMvvm.csproj", "{3B425603-AF2A-411D-98FA-252BD564BD95}"
EndProject
Project("{FAE04EC0-301F-11D3-BF4B-00C04F79EFBC}") = "Pi.Xf.TestApp.Android", "Pi.Xf.TestApp\Pi.Xf.TestApp.Android\Pi.Xf.TestApp.Android.csproj", "{BE09C297-D0AD-40C9-961B-9B357C97C4CF}"
EndProject
Project("{FAE04EC0-301F-11D3-BF4B-00C04F79EFBC}") = "Pi.Xf.TestApp.iOS", "Pi.Xf.TestApp\Pi.Xf.TestApp.iOS\Pi.Xf.TestApp.iOS.csproj", "{E68808F9-AD63-4367-A0FC-3F7BD97DDE84}"
EndProject
Project("{FAE04EC0-301F-11D3-BF4B-00C04F79EFBC}") = "Pi.Xf.TestApp.UWP", "Pi.Xf.TestApp\Pi.Xf.TestApp.UWP\Pi.Xf.TestApp.UWP.csproj", "{EB2ED9B9-CEE5-4785-9A3C-3514BACD9D6B}"
EndProject
Project("{9A19103F-16F7-4668-BE54-9A1E7A4F7556}") = "Pi.Xf.TestApp", "Pi.Xf.TestApp\Pi.Xf.TestApp\Pi.Xf.TestApp.csproj", "{0DEE7922-E112-4E53-9E7D-3D7C525C1C5B}"
EndProject
Project("{2150E333-8FDC-42A3-9474-1A3956D46DE8}") = "Solution items", "Solution items", "{426BD3F8-56F5-49BB-B232-D7F0FA58E406}"
	ProjectSection(SolutionItems) = preProject
		LICENSE = LICENSE
		README.md = README.md
	EndProjectSection
EndProject
Global
	GlobalSection(SolutionConfigurationPlatforms) = preSolution
		Ad-Hoc|Any CPU = Ad-Hoc|Any CPU
		Ad-Hoc|ARM = Ad-Hoc|ARM
		Ad-Hoc|iPhone = Ad-Hoc|iPhone
		Ad-Hoc|iPhoneSimulator = Ad-Hoc|iPhoneSimulator
		Ad-Hoc|x64 = Ad-Hoc|x64
		Ad-Hoc|x86 = Ad-Hoc|x86
		AppStore|Any CPU = AppStore|Any CPU
		AppStore|ARM = AppStore|ARM
		AppStore|iPhone = AppStore|iPhone
		AppStore|iPhoneSimulator = AppStore|iPhoneSimulator
		AppStore|x64 = AppStore|x64
		AppStore|x86 = AppStore|x86
		Debug|Any CPU = Debug|Any CPU
		Debug|ARM = Debug|ARM
		Debug|iPhone = Debug|iPhone
		Debug|iPhoneSimulator = Debug|iPhoneSimulator
		Debug|x64 = Debug|x64
		Debug|x86 = Debug|x86
		Release|Any CPU = Release|Any CPU
		Release|ARM = Release|ARM
		Release|iPhone = Release|iPhone
		Release|iPhoneSimulator = Release|iPhoneSimulator
		Release|x64 = Release|x64
		Release|x86 = Release|x86
	EndGlobalSection
	GlobalSection(ProjectConfigurationPlatforms) = postSolution
		{3B425603-AF2A-411D-98FA-252BD564BD95}.Ad-Hoc|Any CPU.ActiveCfg = Release|Any CPU
		{3B425603-AF2A-411D-98FA-252BD564BD95}.Ad-Hoc|Any CPU.Build.0 = Release|Any CPU
		{3B425603-AF2A-411D-98FA-252BD564BD95}.Ad-Hoc|ARM.ActiveCfg = Release|Any CPU
		{3B425603-AF2A-411D-98FA-252BD564BD95}.Ad-Hoc|ARM.Build.0 = Release|Any CPU
		{3B425603-AF2A-411D-98FA-252BD564BD95}.Ad-Hoc|iPhone.ActiveCfg = Release|Any CPU
		{3B425603-AF2A-411D-98FA-252BD564BD95}.Ad-Hoc|iPhone.Build.0 = Release|Any CPU
		{3B425603-AF2A-411D-98FA-252BD564BD95}.Ad-Hoc|iPhoneSimulator.ActiveCfg = Release|Any CPU
		{3B425603-AF2A-411D-98FA-252BD564BD95}.Ad-Hoc|iPhoneSimulator.Build.0 = Release|Any CPU
		{3B425603-AF2A-411D-98FA-252BD564BD95}.Ad-Hoc|x64.ActiveCfg = Release|Any CPU
		{3B425603-AF2A-411D-98FA-252BD564BD95}.Ad-Hoc|x64.Build.0 = Release|Any CPU
		{3B425603-AF2A-411D-98FA-252BD564BD95}.Ad-Hoc|x86.ActiveCfg = Release|Any CPU
		{3B425603-AF2A-411D-98FA-252BD564BD95}.Ad-Hoc|x86.Build.0 = Release|Any CPU
		{3B425603-AF2A-411D-98FA-252BD564BD95}.AppStore|Any CPU.ActiveCfg = Release|Any CPU
		{3B425603-AF2A-411D-98FA-252BD564BD95}.AppStore|Any CPU.Build.0 = Release|Any CPU
		{3B425603-AF2A-411D-98FA-252BD564BD95}.AppStore|ARM.ActiveCfg = Release|Any CPU
		{3B425603-AF2A-411D-98FA-252BD564BD95}.AppStore|ARM.Build.0 = Release|Any CPU
		{3B425603-AF2A-411D-98FA-252BD564BD95}.AppStore|iPhone.ActiveCfg = Release|Any CPU
		{3B425603-AF2A-411D-98FA-252BD564BD95}.AppStore|iPhone.Build.0 = Release|Any CPU
		{3B425603-AF2A-411D-98FA-252BD564BD95}.AppStore|iPhoneSimulator.ActiveCfg = Release|Any CPU
		{3B425603-AF2A-411D-98FA-252BD564BD95}.AppStore|iPhoneSimulator.Build.0 = Release|Any CPU
		{3B425603-AF2A-411D-98FA-252BD564BD95}.AppStore|x64.ActiveCfg = Release|Any CPU
		{3B425603-AF2A-411D-98FA-252BD564BD95}.AppStore|x64.Build.0 = Release|Any CPU
		{3B425603-AF2A-411D-98FA-252BD564BD95}.AppStore|x86.ActiveCfg = Release|Any CPU
		{3B425603-AF2A-411D-98FA-252BD564BD95}.AppStore|x86.Build.0 = Release|Any CPU
		{3B425603-AF2A-411D-98FA-252BD564BD95}.Debug|Any CPU.ActiveCfg = Debug|Any CPU
		{3B425603-AF2A-411D-98FA-252BD564BD95}.Debug|Any CPU.Build.0 = Debug|Any CPU
		{3B425603-AF2A-411D-98FA-252BD564BD95}.Debug|ARM.ActiveCfg = Debug|Any CPU
		{3B425603-AF2A-411D-98FA-252BD564BD95}.Debug|ARM.Build.0 = Debug|Any CPU
		{3B425603-AF2A-411D-98FA-252BD564BD95}.Debug|iPhone.ActiveCfg = Debug|Any CPU
		{3B425603-AF2A-411D-98FA-252BD564BD95}.Debug|iPhone.Build.0 = Debug|Any CPU
		{3B425603-AF2A-411D-98FA-252BD564BD95}.Debug|iPhoneSimulator.ActiveCfg = Debug|Any CPU
		{3B425603-AF2A-411D-98FA-252BD564BD95}.Debug|iPhoneSimulator.Build.0 = Debug|Any CPU
		{3B425603-AF2A-411D-98FA-252BD564BD95}.Debug|x64.ActiveCfg = Debug|Any CPU
		{3B425603-AF2A-411D-98FA-252BD564BD95}.Debug|x64.Build.0 = Debug|Any CPU
		{3B425603-AF2A-411D-98FA-252BD564BD95}.Debug|x86.ActiveCfg = Debug|Any CPU
		{3B425603-AF2A-411D-98FA-252BD564BD95}.Debug|x86.Build.0 = Debug|Any CPU
		{3B425603-AF2A-411D-98FA-252BD564BD95}.Release|Any CPU.ActiveCfg = Release|Any CPU
		{3B425603-AF2A-411D-98FA-252BD564BD95}.Release|Any CPU.Build.0 = Release|Any CPU
		{3B425603-AF2A-411D-98FA-252BD564BD95}.Release|ARM.ActiveCfg = Release|Any CPU
		{3B425603-AF2A-411D-98FA-252BD564BD95}.Release|ARM.Build.0 = Release|Any CPU
		{3B425603-AF2A-411D-98FA-252BD564BD95}.Release|iPhone.ActiveCfg = Release|Any CPU
		{3B425603-AF2A-411D-98FA-252BD564BD95}.Release|iPhone.Build.0 = Release|Any CPU
		{3B425603-AF2A-411D-98FA-252BD564BD95}.Release|iPhoneSimulator.ActiveCfg = Release|Any CPU
		{3B425603-AF2A-411D-98FA-252BD564BD95}.Release|iPhoneSimulator.Build.0 = Release|Any CPU
		{3B425603-AF2A-411D-98FA-252BD564BD95}.Release|x64.ActiveCfg = Release|Any CPU
		{3B425603-AF2A-411D-98FA-252BD564BD95}.Release|x64.Build.0 = Release|Any CPU
		{3B425603-AF2A-411D-98FA-252BD564BD95}.Release|x86.ActiveCfg = Release|Any CPU
		{3B425603-AF2A-411D-98FA-252BD564BD95}.Release|x86.Build.0 = Release|Any CPU
		{BE09C297-D0AD-40C9-961B-9B357C97C4CF}.Ad-Hoc|Any CPU.ActiveCfg = Release|Any CPU
		{BE09C297-D0AD-40C9-961B-9B357C97C4CF}.Ad-Hoc|Any CPU.Build.0 = Release|Any CPU
		{BE09C297-D0AD-40C9-961B-9B357C97C4CF}.Ad-Hoc|Any CPU.Deploy.0 = Release|Any CPU
		{BE09C297-D0AD-40C9-961B-9B357C97C4CF}.Ad-Hoc|ARM.ActiveCfg = Release|Any CPU
		{BE09C297-D0AD-40C9-961B-9B357C97C4CF}.Ad-Hoc|ARM.Build.0 = Release|Any CPU
		{BE09C297-D0AD-40C9-961B-9B357C97C4CF}.Ad-Hoc|ARM.Deploy.0 = Release|Any CPU
		{BE09C297-D0AD-40C9-961B-9B357C97C4CF}.Ad-Hoc|iPhone.ActiveCfg = Release|Any CPU
		{BE09C297-D0AD-40C9-961B-9B357C97C4CF}.Ad-Hoc|iPhone.Build.0 = Release|Any CPU
		{BE09C297-D0AD-40C9-961B-9B357C97C4CF}.Ad-Hoc|iPhone.Deploy.0 = Release|Any CPU
		{BE09C297-D0AD-40C9-961B-9B357C97C4CF}.Ad-Hoc|iPhoneSimulator.ActiveCfg = Release|Any CPU
		{BE09C297-D0AD-40C9-961B-9B357C97C4CF}.Ad-Hoc|iPhoneSimulator.Build.0 = Release|Any CPU
		{BE09C297-D0AD-40C9-961B-9B357C97C4CF}.Ad-Hoc|iPhoneSimulator.Deploy.0 = Release|Any CPU
		{BE09C297-D0AD-40C9-961B-9B357C97C4CF}.Ad-Hoc|x64.ActiveCfg = Release|Any CPU
		{BE09C297-D0AD-40C9-961B-9B357C97C4CF}.Ad-Hoc|x64.Build.0 = Release|Any CPU
		{BE09C297-D0AD-40C9-961B-9B357C97C4CF}.Ad-Hoc|x64.Deploy.0 = Release|Any CPU
		{BE09C297-D0AD-40C9-961B-9B357C97C4CF}.Ad-Hoc|x86.ActiveCfg = Release|Any CPU
		{BE09C297-D0AD-40C9-961B-9B357C97C4CF}.Ad-Hoc|x86.Build.0 = Release|Any CPU
		{BE09C297-D0AD-40C9-961B-9B357C97C4CF}.Ad-Hoc|x86.Deploy.0 = Release|Any CPU
		{BE09C297-D0AD-40C9-961B-9B357C97C4CF}.AppStore|Any CPU.ActiveCfg = Release|Any CPU
		{BE09C297-D0AD-40C9-961B-9B357C97C4CF}.AppStore|Any CPU.Build.0 = Release|Any CPU
		{BE09C297-D0AD-40C9-961B-9B357C97C4CF}.AppStore|Any CPU.Deploy.0 = Release|Any CPU
		{BE09C297-D0AD-40C9-961B-9B357C97C4CF}.AppStore|ARM.ActiveCfg = Release|Any CPU
		{BE09C297-D0AD-40C9-961B-9B357C97C4CF}.AppStore|ARM.Build.0 = Release|Any CPU
		{BE09C297-D0AD-40C9-961B-9B357C97C4CF}.AppStore|ARM.Deploy.0 = Release|Any CPU
		{BE09C297-D0AD-40C9-961B-9B357C97C4CF}.AppStore|iPhone.ActiveCfg = Release|Any CPU
		{BE09C297-D0AD-40C9-961B-9B357C97C4CF}.AppStore|iPhone.Build.0 = Release|Any CPU
		{BE09C297-D0AD-40C9-961B-9B357C97C4CF}.AppStore|iPhone.Deploy.0 = Release|Any CPU
		{BE09C297-D0AD-40C9-961B-9B357C97C4CF}.AppStore|iPhoneSimulator.ActiveCfg = Release|Any CPU
		{BE09C297-D0AD-40C9-961B-9B357C97C4CF}.AppStore|iPhoneSimulator.Build.0 = Release|Any CPU
		{BE09C297-D0AD-40C9-961B-9B357C97C4CF}.AppStore|iPhoneSimulator.Deploy.0 = Release|Any CPU
		{BE09C297-D0AD-40C9-961B-9B357C97C4CF}.AppStore|x64.ActiveCfg = Release|Any CPU
		{BE09C297-D0AD-40C9-961B-9B357C97C4CF}.AppStore|x64.Build.0 = Release|Any CPU
		{BE09C297-D0AD-40C9-961B-9B357C97C4CF}.AppStore|x64.Deploy.0 = Release|Any CPU
		{BE09C297-D0AD-40C9-961B-9B357C97C4CF}.AppStore|x86.ActiveCfg = Release|Any CPU
		{BE09C297-D0AD-40C9-961B-9B357C97C4CF}.AppStore|x86.Build.0 = Release|Any CPU
		{BE09C297-D0AD-40C9-961B-9B357C97C4CF}.AppStore|x86.Deploy.0 = Release|Any CPU
		{BE09C297-D0AD-40C9-961B-9B357C97C4CF}.Debug|Any CPU.ActiveCfg = Debug|Any CPU
		{BE09C297-D0AD-40C9-961B-9B357C97C4CF}.Debug|Any CPU.Build.0 = Debug|Any CPU
		{BE09C297-D0AD-40C9-961B-9B357C97C4CF}.Debug|Any CPU.Deploy.0 = Debug|Any CPU
		{BE09C297-D0AD-40C9-961B-9B357C97C4CF}.Debug|ARM.ActiveCfg = Debug|Any CPU
		{BE09C297-D0AD-40C9-961B-9B357C97C4CF}.Debug|ARM.Build.0 = Debug|Any CPU
		{BE09C297-D0AD-40C9-961B-9B357C97C4CF}.Debug|ARM.Deploy.0 = Debug|Any CPU
		{BE09C297-D0AD-40C9-961B-9B357C97C4CF}.Debug|iPhone.ActiveCfg = Debug|Any CPU
		{BE09C297-D0AD-40C9-961B-9B357C97C4CF}.Debug|iPhone.Build.0 = Debug|Any CPU
		{BE09C297-D0AD-40C9-961B-9B357C97C4CF}.Debug|iPhone.Deploy.0 = Debug|Any CPU
		{BE09C297-D0AD-40C9-961B-9B357C97C4CF}.Debug|iPhoneSimulator.ActiveCfg = Debug|Any CPU
		{BE09C297-D0AD-40C9-961B-9B357C97C4CF}.Debug|iPhoneSimulator.Build.0 = Debug|Any CPU
		{BE09C297-D0AD-40C9-961B-9B357C97C4CF}.Debug|iPhoneSimulator.Deploy.0 = Debug|Any CPU
		{BE09C297-D0AD-40C9-961B-9B357C97C4CF}.Debug|x64.ActiveCfg = Debug|Any CPU
		{BE09C297-D0AD-40C9-961B-9B357C97C4CF}.Debug|x64.Build.0 = Debug|Any CPU
		{BE09C297-D0AD-40C9-961B-9B357C97C4CF}.Debug|x64.Deploy.0 = Debug|Any CPU
		{BE09C297-D0AD-40C9-961B-9B357C97C4CF}.Debug|x86.ActiveCfg = Debug|Any CPU
		{BE09C297-D0AD-40C9-961B-9B357C97C4CF}.Debug|x86.Build.0 = Debug|Any CPU
		{BE09C297-D0AD-40C9-961B-9B357C97C4CF}.Debug|x86.Deploy.0 = Debug|Any CPU
		{BE09C297-D0AD-40C9-961B-9B357C97C4CF}.Release|Any CPU.ActiveCfg = Release|Any CPU
		{BE09C297-D0AD-40C9-961B-9B357C97C4CF}.Release|Any CPU.Build.0 = Release|Any CPU
		{BE09C297-D0AD-40C9-961B-9B357C97C4CF}.Release|Any CPU.Deploy.0 = Release|Any CPU
		{BE09C297-D0AD-40C9-961B-9B357C97C4CF}.Release|ARM.ActiveCfg = Release|Any CPU
		{BE09C297-D0AD-40C9-961B-9B357C97C4CF}.Release|ARM.Build.0 = Release|Any CPU
		{BE09C297-D0AD-40C9-961B-9B357C97C4CF}.Release|ARM.Deploy.0 = Release|Any CPU
		{BE09C297-D0AD-40C9-961B-9B357C97C4CF}.Release|iPhone.ActiveCfg = Release|Any CPU
		{BE09C297-D0AD-40C9-961B-9B357C97C4CF}.Release|iPhone.Build.0 = Release|Any CPU
		{BE09C297-D0AD-40C9-961B-9B357C97C4CF}.Release|iPhone.Deploy.0 = Release|Any CPU
		{BE09C297-D0AD-40C9-961B-9B357C97C4CF}.Release|iPhoneSimulator.ActiveCfg = Release|Any CPU
		{BE09C297-D0AD-40C9-961B-9B357C97C4CF}.Release|iPhoneSimulator.Build.0 = Release|Any CPU
		{BE09C297-D0AD-40C9-961B-9B357C97C4CF}.Release|iPhoneSimulator.Deploy.0 = Release|Any CPU
		{BE09C297-D0AD-40C9-961B-9B357C97C4CF}.Release|x64.ActiveCfg = Release|Any CPU
		{BE09C297-D0AD-40C9-961B-9B357C97C4CF}.Release|x64.Build.0 = Release|Any CPU
		{BE09C297-D0AD-40C9-961B-9B357C97C4CF}.Release|x64.Deploy.0 = Release|Any CPU
		{BE09C297-D0AD-40C9-961B-9B357C97C4CF}.Release|x86.ActiveCfg = Release|Any CPU
		{BE09C297-D0AD-40C9-961B-9B357C97C4CF}.Release|x86.Build.0 = Release|Any CPU
		{BE09C297-D0AD-40C9-961B-9B357C97C4CF}.Release|x86.Deploy.0 = Release|Any CPU
		{E68808F9-AD63-4367-A0FC-3F7BD97DDE84}.Ad-Hoc|Any CPU.ActiveCfg = Ad-Hoc|iPhone
		{E68808F9-AD63-4367-A0FC-3F7BD97DDE84}.Ad-Hoc|ARM.ActiveCfg = Ad-Hoc|iPhone
		{E68808F9-AD63-4367-A0FC-3F7BD97DDE84}.Ad-Hoc|iPhone.ActiveCfg = Ad-Hoc|iPhone
		{E68808F9-AD63-4367-A0FC-3F7BD97DDE84}.Ad-Hoc|iPhone.Build.0 = Ad-Hoc|iPhone
		{E68808F9-AD63-4367-A0FC-3F7BD97DDE84}.Ad-Hoc|iPhoneSimulator.ActiveCfg = Ad-Hoc|iPhoneSimulator
		{E68808F9-AD63-4367-A0FC-3F7BD97DDE84}.Ad-Hoc|iPhoneSimulator.Build.0 = Ad-Hoc|iPhoneSimulator
		{E68808F9-AD63-4367-A0FC-3F7BD97DDE84}.Ad-Hoc|x64.ActiveCfg = Ad-Hoc|iPhone
		{E68808F9-AD63-4367-A0FC-3F7BD97DDE84}.Ad-Hoc|x86.ActiveCfg = Ad-Hoc|iPhone
		{E68808F9-AD63-4367-A0FC-3F7BD97DDE84}.AppStore|Any CPU.ActiveCfg = AppStore|iPhone
		{E68808F9-AD63-4367-A0FC-3F7BD97DDE84}.AppStore|ARM.ActiveCfg = AppStore|iPhone
		{E68808F9-AD63-4367-A0FC-3F7BD97DDE84}.AppStore|iPhone.ActiveCfg = AppStore|iPhone
		{E68808F9-AD63-4367-A0FC-3F7BD97DDE84}.AppStore|iPhone.Build.0 = AppStore|iPhone
		{E68808F9-AD63-4367-A0FC-3F7BD97DDE84}.AppStore|iPhoneSimulator.ActiveCfg = AppStore|iPhoneSimulator
		{E68808F9-AD63-4367-A0FC-3F7BD97DDE84}.AppStore|iPhoneSimulator.Build.0 = AppStore|iPhoneSimulator
		{E68808F9-AD63-4367-A0FC-3F7BD97DDE84}.AppStore|x64.ActiveCfg = AppStore|iPhone
		{E68808F9-AD63-4367-A0FC-3F7BD97DDE84}.AppStore|x86.ActiveCfg = AppStore|iPhone
		{E68808F9-AD63-4367-A0FC-3F7BD97DDE84}.Debug|Any CPU.ActiveCfg = Debug|iPhone
		{E68808F9-AD63-4367-A0FC-3F7BD97DDE84}.Debug|ARM.ActiveCfg = Debug|iPhone
		{E68808F9-AD63-4367-A0FC-3F7BD97DDE84}.Debug|iPhone.ActiveCfg = Debug|iPhone
		{E68808F9-AD63-4367-A0FC-3F7BD97DDE84}.Debug|iPhone.Build.0 = Debug|iPhone
		{E68808F9-AD63-4367-A0FC-3F7BD97DDE84}.Debug|iPhoneSimulator.ActiveCfg = Debug|iPhoneSimulator
		{E68808F9-AD63-4367-A0FC-3F7BD97DDE84}.Debug|iPhoneSimulator.Build.0 = Debug|iPhoneSimulator
		{E68808F9-AD63-4367-A0FC-3F7BD97DDE84}.Debug|x64.ActiveCfg = Debug|iPhone
		{E68808F9-AD63-4367-A0FC-3F7BD97DDE84}.Debug|x86.ActiveCfg = Debug|iPhone
		{E68808F9-AD63-4367-A0FC-3F7BD97DDE84}.Release|Any CPU.ActiveCfg = Release|iPhone
		{E68808F9-AD63-4367-A0FC-3F7BD97DDE84}.Release|ARM.ActiveCfg = Release|iPhone
		{E68808F9-AD63-4367-A0FC-3F7BD97DDE84}.Release|iPhone.ActiveCfg = Release|iPhone
		{E68808F9-AD63-4367-A0FC-3F7BD97DDE84}.Release|iPhone.Build.0 = Release|iPhone
		{E68808F9-AD63-4367-A0FC-3F7BD97DDE84}.Release|iPhoneSimulator.ActiveCfg = Release|iPhoneSimulator
		{E68808F9-AD63-4367-A0FC-3F7BD97DDE84}.Release|iPhoneSimulator.Build.0 = Release|iPhoneSimulator
		{E68808F9-AD63-4367-A0FC-3F7BD97DDE84}.Release|x64.ActiveCfg = Release|iPhone
		{E68808F9-AD63-4367-A0FC-3F7BD97DDE84}.Release|x86.ActiveCfg = Release|iPhone
		{EB2ED9B9-CEE5-4785-9A3C-3514BACD9D6B}.Ad-Hoc|Any CPU.ActiveCfg = Release|x86
		{EB2ED9B9-CEE5-4785-9A3C-3514BACD9D6B}.Ad-Hoc|Any CPU.Build.0 = Release|x86
		{EB2ED9B9-CEE5-4785-9A3C-3514BACD9D6B}.Ad-Hoc|Any CPU.Deploy.0 = Release|x86
		{EB2ED9B9-CEE5-4785-9A3C-3514BACD9D6B}.Ad-Hoc|ARM.ActiveCfg = Release|ARM
		{EB2ED9B9-CEE5-4785-9A3C-3514BACD9D6B}.Ad-Hoc|ARM.Build.0 = Release|ARM
		{EB2ED9B9-CEE5-4785-9A3C-3514BACD9D6B}.Ad-Hoc|ARM.Deploy.0 = Release|ARM
		{EB2ED9B9-CEE5-4785-9A3C-3514BACD9D6B}.Ad-Hoc|iPhone.ActiveCfg = Release|x86
		{EB2ED9B9-CEE5-4785-9A3C-3514BACD9D6B}.Ad-Hoc|iPhone.Build.0 = Release|x86
		{EB2ED9B9-CEE5-4785-9A3C-3514BACD9D6B}.Ad-Hoc|iPhone.Deploy.0 = Release|x86
		{EB2ED9B9-CEE5-4785-9A3C-3514BACD9D6B}.Ad-Hoc|iPhoneSimulator.ActiveCfg = Release|x86
		{EB2ED9B9-CEE5-4785-9A3C-3514BACD9D6B}.Ad-Hoc|iPhoneSimulator.Build.0 = Release|x86
		{EB2ED9B9-CEE5-4785-9A3C-3514BACD9D6B}.Ad-Hoc|iPhoneSimulator.Deploy.0 = Release|x86
		{EB2ED9B9-CEE5-4785-9A3C-3514BACD9D6B}.Ad-Hoc|x64.ActiveCfg = Release|x64
		{EB2ED9B9-CEE5-4785-9A3C-3514BACD9D6B}.Ad-Hoc|x64.Build.0 = Release|x64
		{EB2ED9B9-CEE5-4785-9A3C-3514BACD9D6B}.Ad-Hoc|x64.Deploy.0 = Release|x64
		{EB2ED9B9-CEE5-4785-9A3C-3514BACD9D6B}.Ad-Hoc|x86.ActiveCfg = Release|x86
		{EB2ED9B9-CEE5-4785-9A3C-3514BACD9D6B}.Ad-Hoc|x86.Build.0 = Release|x86
		{EB2ED9B9-CEE5-4785-9A3C-3514BACD9D6B}.Ad-Hoc|x86.Deploy.0 = Release|x86
		{EB2ED9B9-CEE5-4785-9A3C-3514BACD9D6B}.AppStore|Any CPU.ActiveCfg = Release|x86
		{EB2ED9B9-CEE5-4785-9A3C-3514BACD9D6B}.AppStore|Any CPU.Build.0 = Release|x86
		{EB2ED9B9-CEE5-4785-9A3C-3514BACD9D6B}.AppStore|Any CPU.Deploy.0 = Release|x86
		{EB2ED9B9-CEE5-4785-9A3C-3514BACD9D6B}.AppStore|ARM.ActiveCfg = Release|ARM
		{EB2ED9B9-CEE5-4785-9A3C-3514BACD9D6B}.AppStore|ARM.Build.0 = Release|ARM
		{EB2ED9B9-CEE5-4785-9A3C-3514BACD9D6B}.AppStore|ARM.Deploy.0 = Release|ARM
		{EB2ED9B9-CEE5-4785-9A3C-3514BACD9D6B}.AppStore|iPhone.ActiveCfg = Release|x86
		{EB2ED9B9-CEE5-4785-9A3C-3514BACD9D6B}.AppStore|iPhone.Build.0 = Release|x86
		{EB2ED9B9-CEE5-4785-9A3C-3514BACD9D6B}.AppStore|iPhone.Deploy.0 = Release|x86
		{EB2ED9B9-CEE5-4785-9A3C-3514BACD9D6B}.AppStore|iPhoneSimulator.ActiveCfg = Release|x86
		{EB2ED9B9-CEE5-4785-9A3C-3514BACD9D6B}.AppStore|iPhoneSimulator.Build.0 = Release|x86
		{EB2ED9B9-CEE5-4785-9A3C-3514BACD9D6B}.AppStore|iPhoneSimulator.Deploy.0 = Release|x86
		{EB2ED9B9-CEE5-4785-9A3C-3514BACD9D6B}.AppStore|x64.ActiveCfg = Release|x64
		{EB2ED9B9-CEE5-4785-9A3C-3514BACD9D6B}.AppStore|x64.Build.0 = Release|x64
		{EB2ED9B9-CEE5-4785-9A3C-3514BACD9D6B}.AppStore|x64.Deploy.0 = Release|x64
		{EB2ED9B9-CEE5-4785-9A3C-3514BACD9D6B}.AppStore|x86.ActiveCfg = Release|x86
		{EB2ED9B9-CEE5-4785-9A3C-3514BACD9D6B}.AppStore|x86.Build.0 = Release|x86
		{EB2ED9B9-CEE5-4785-9A3C-3514BACD9D6B}.AppStore|x86.Deploy.0 = Release|x86
		{EB2ED9B9-CEE5-4785-9A3C-3514BACD9D6B}.Debug|Any CPU.ActiveCfg = Debug|x86
		{EB2ED9B9-CEE5-4785-9A3C-3514BACD9D6B}.Debug|ARM.ActiveCfg = Debug|ARM
		{EB2ED9B9-CEE5-4785-9A3C-3514BACD9D6B}.Debug|ARM.Build.0 = Debug|ARM
		{EB2ED9B9-CEE5-4785-9A3C-3514BACD9D6B}.Debug|ARM.Deploy.0 = Debug|ARM
		{EB2ED9B9-CEE5-4785-9A3C-3514BACD9D6B}.Debug|iPhone.ActiveCfg = Debug|x86
		{EB2ED9B9-CEE5-4785-9A3C-3514BACD9D6B}.Debug|iPhoneSimulator.ActiveCfg = Debug|x86
		{EB2ED9B9-CEE5-4785-9A3C-3514BACD9D6B}.Debug|x64.ActiveCfg = Debug|x64
		{EB2ED9B9-CEE5-4785-9A3C-3514BACD9D6B}.Debug|x64.Build.0 = Debug|x64
		{EB2ED9B9-CEE5-4785-9A3C-3514BACD9D6B}.Debug|x64.Deploy.0 = Debug|x64
		{EB2ED9B9-CEE5-4785-9A3C-3514BACD9D6B}.Debug|x86.ActiveCfg = Debug|x86
		{EB2ED9B9-CEE5-4785-9A3C-3514BACD9D6B}.Debug|x86.Build.0 = Debug|x86
		{EB2ED9B9-CEE5-4785-9A3C-3514BACD9D6B}.Debug|x86.Deploy.0 = Debug|x86
		{EB2ED9B9-CEE5-4785-9A3C-3514BACD9D6B}.Release|Any CPU.ActiveCfg = Release|x86
		{EB2ED9B9-CEE5-4785-9A3C-3514BACD9D6B}.Release|ARM.ActiveCfg = Release|ARM
		{EB2ED9B9-CEE5-4785-9A3C-3514BACD9D6B}.Release|ARM.Build.0 = Release|ARM
		{EB2ED9B9-CEE5-4785-9A3C-3514BACD9D6B}.Release|ARM.Deploy.0 = Release|ARM
		{EB2ED9B9-CEE5-4785-9A3C-3514BACD9D6B}.Release|iPhone.ActiveCfg = Release|x86
		{EB2ED9B9-CEE5-4785-9A3C-3514BACD9D6B}.Release|iPhoneSimulator.ActiveCfg = Release|x86
		{EB2ED9B9-CEE5-4785-9A3C-3514BACD9D6B}.Release|x64.ActiveCfg = Release|x64
		{EB2ED9B9-CEE5-4785-9A3C-3514BACD9D6B}.Release|x64.Build.0 = Release|x64
		{EB2ED9B9-CEE5-4785-9A3C-3514BACD9D6B}.Release|x64.Deploy.0 = Release|x64
		{EB2ED9B9-CEE5-4785-9A3C-3514BACD9D6B}.Release|x86.ActiveCfg = Release|x86
		{EB2ED9B9-CEE5-4785-9A3C-3514BACD9D6B}.Release|x86.Build.0 = Release|x86
		{EB2ED9B9-CEE5-4785-9A3C-3514BACD9D6B}.Release|x86.Deploy.0 = Release|x86
		{0DEE7922-E112-4E53-9E7D-3D7C525C1C5B}.Ad-Hoc|Any CPU.ActiveCfg = Debug|Any CPU
		{0DEE7922-E112-4E53-9E7D-3D7C525C1C5B}.Ad-Hoc|Any CPU.Build.0 = Debug|Any CPU
		{0DEE7922-E112-4E53-9E7D-3D7C525C1C5B}.Ad-Hoc|ARM.ActiveCfg = Debug|Any CPU
		{0DEE7922-E112-4E53-9E7D-3D7C525C1C5B}.Ad-Hoc|ARM.Build.0 = Debug|Any CPU
		{0DEE7922-E112-4E53-9E7D-3D7C525C1C5B}.Ad-Hoc|iPhone.ActiveCfg = Debug|Any CPU
		{0DEE7922-E112-4E53-9E7D-3D7C525C1C5B}.Ad-Hoc|iPhone.Build.0 = Debug|Any CPU
		{0DEE7922-E112-4E53-9E7D-3D7C525C1C5B}.Ad-Hoc|iPhoneSimulator.ActiveCfg = Debug|Any CPU
		{0DEE7922-E112-4E53-9E7D-3D7C525C1C5B}.Ad-Hoc|iPhoneSimulator.Build.0 = Debug|Any CPU
		{0DEE7922-E112-4E53-9E7D-3D7C525C1C5B}.Ad-Hoc|x64.ActiveCfg = Debug|Any CPU
		{0DEE7922-E112-4E53-9E7D-3D7C525C1C5B}.Ad-Hoc|x64.Build.0 = Debug|Any CPU
		{0DEE7922-E112-4E53-9E7D-3D7C525C1C5B}.Ad-Hoc|x86.ActiveCfg = Debug|Any CPU
		{0DEE7922-E112-4E53-9E7D-3D7C525C1C5B}.Ad-Hoc|x86.Build.0 = Debug|Any CPU
		{0DEE7922-E112-4E53-9E7D-3D7C525C1C5B}.AppStore|Any CPU.ActiveCfg = Debug|Any CPU
		{0DEE7922-E112-4E53-9E7D-3D7C525C1C5B}.AppStore|Any CPU.Build.0 = Debug|Any CPU
		{0DEE7922-E112-4E53-9E7D-3D7C525C1C5B}.AppStore|ARM.ActiveCfg = Debug|Any CPU
		{0DEE7922-E112-4E53-9E7D-3D7C525C1C5B}.AppStore|ARM.Build.0 = Debug|Any CPU
		{0DEE7922-E112-4E53-9E7D-3D7C525C1C5B}.AppStore|iPhone.ActiveCfg = Debug|Any CPU
		{0DEE7922-E112-4E53-9E7D-3D7C525C1C5B}.AppStore|iPhone.Build.0 = Debug|Any CPU
		{0DEE7922-E112-4E53-9E7D-3D7C525C1C5B}.AppStore|iPhoneSimulator.ActiveCfg = Debug|Any CPU
		{0DEE7922-E112-4E53-9E7D-3D7C525C1C5B}.AppStore|iPhoneSimulator.Build.0 = Debug|Any CPU
		{0DEE7922-E112-4E53-9E7D-3D7C525C1C5B}.AppStore|x64.ActiveCfg = Debug|Any CPU
		{0DEE7922-E112-4E53-9E7D-3D7C525C1C5B}.AppStore|x64.Build.0 = Debug|Any CPU
		{0DEE7922-E112-4E53-9E7D-3D7C525C1C5B}.AppStore|x86.ActiveCfg = Debug|Any CPU
		{0DEE7922-E112-4E53-9E7D-3D7C525C1C5B}.AppStore|x86.Build.0 = Debug|Any CPU
		{0DEE7922-E112-4E53-9E7D-3D7C525C1C5B}.Debug|Any CPU.ActiveCfg = Debug|Any CPU
		{0DEE7922-E112-4E53-9E7D-3D7C525C1C5B}.Debug|Any CPU.Build.0 = Debug|Any CPU
		{0DEE7922-E112-4E53-9E7D-3D7C525C1C5B}.Debug|ARM.ActiveCfg = Debug|Any CPU
		{0DEE7922-E112-4E53-9E7D-3D7C525C1C5B}.Debug|ARM.Build.0 = Debug|Any CPU
		{0DEE7922-E112-4E53-9E7D-3D7C525C1C5B}.Debug|iPhone.ActiveCfg = Debug|Any CPU
		{0DEE7922-E112-4E53-9E7D-3D7C525C1C5B}.Debug|iPhone.Build.0 = Debug|Any CPU
		{0DEE7922-E112-4E53-9E7D-3D7C525C1C5B}.Debug|iPhoneSimulator.ActiveCfg = Debug|Any CPU
		{0DEE7922-E112-4E53-9E7D-3D7C525C1C5B}.Debug|iPhoneSimulator.Build.0 = Debug|Any CPU
		{0DEE7922-E112-4E53-9E7D-3D7C525C1C5B}.Debug|x64.ActiveCfg = Debug|Any CPU
		{0DEE7922-E112-4E53-9E7D-3D7C525C1C5B}.Debug|x64.Build.0 = Debug|Any CPU
		{0DEE7922-E112-4E53-9E7D-3D7C525C1C5B}.Debug|x86.ActiveCfg = Debug|Any CPU
		{0DEE7922-E112-4E53-9E7D-3D7C525C1C5B}.Debug|x86.Build.0 = Debug|Any CPU
		{0DEE7922-E112-4E53-9E7D-3D7C525C1C5B}.Release|Any CPU.ActiveCfg = Release|Any CPU
		{0DEE7922-E112-4E53-9E7D-3D7C525C1C5B}.Release|Any CPU.Build.0 = Release|Any CPU
		{0DEE7922-E112-4E53-9E7D-3D7C525C1C5B}.Release|ARM.ActiveCfg = Release|Any CPU
		{0DEE7922-E112-4E53-9E7D-3D7C525C1C5B}.Release|ARM.Build.0 = Release|Any CPU
		{0DEE7922-E112-4E53-9E7D-3D7C525C1C5B}.Release|iPhone.ActiveCfg = Release|Any CPU
		{0DEE7922-E112-4E53-9E7D-3D7C525C1C5B}.Release|iPhone.Build.0 = Release|Any CPU
		{0DEE7922-E112-4E53-9E7D-3D7C525C1C5B}.Release|iPhoneSimulator.ActiveCfg = Release|Any CPU
		{0DEE7922-E112-4E53-9E7D-3D7C525C1C5B}.Release|iPhoneSimulator.Build.0 = Release|Any CPU
		{0DEE7922-E112-4E53-9E7D-3D7C525C1C5B}.Release|x64.ActiveCfg = Release|Any CPU
		{0DEE7922-E112-4E53-9E7D-3D7C525C1C5B}.Release|x64.Build.0 = Release|Any CPU
		{0DEE7922-E112-4E53-9E7D-3D7C525C1C5B}.Release|x86.ActiveCfg = Release|Any CPU
		{0DEE7922-E112-4E53-9E7D-3D7C525C1C5B}.Release|x86.Build.0 = Release|Any CPU
	EndGlobalSection
	GlobalSection(SolutionProperties) = preSolution
		HideSolutionNode = FALSE
	EndGlobalSection
	GlobalSection(ExtensibilityGlobals) = postSolution
		SolutionGuid = {B0527303-1547-466E-BB28-9BE5D986CB89}
	EndGlobalSection
EndGlobal
