
Microsoft Visual Studio Solution File, Format Version 12.00
# Visual Studio 15
VisualStudioVersion = 15.0.28307.168
MinimumVisualStudioVersion = 10.0.40219.1
Project("{FAE04EC0-301F-11D3-BF4B-00C04F79EFBC}") = "Pi.Xf.SimpleMvvm", "Pi.Xf.SimpleMvvm\Pi.Xf.SimpleMvvm.csproj", "{3B425603-AF2A-411D-98FA-252BD564BD95}"
EndProject
Global
	GlobalSection(SolutionConfigurationPlatforms) = preSolution
		Debug|Any CPU = Debug|Any CPU
		Release|Any CPU = Release|Any CPU
	EndGlobalSection
	GlobalSection(ProjectConfigurationPlatforms) = postSolution
		{3B425603-AF2A-411D-98FA-252BD564BD95}.Debug|Any CPU.ActiveCfg = Debug|Any CPU
		{3B425603-AF2A-411D-98FA-252BD564BD95}.Debug|Any CPU.Build.0 = Debug|Any CPU
		{3B425603-AF2A-411D-98FA-252BD564BD95}.Release|Any CPU.ActiveCfg = Release|Any CPU
		{3B425603-AF2A-411D-98FA-252BD564BD95}.Release|Any CPU.Build.0 = Release|Any CPU
	EndGlobalSection
	GlobalSection(SolutionProperties) = preSolution
		HideSolutionNode = FALSE
	EndGlobalSection
	GlobalSection(ExtensibilityGlobals) = postSolution
		SolutionGuid = {B0527303-1547-466E-BB28-9BE5D986CB89}
	EndGlobalSection
EndGlobal
